
Microsoft Visual Studio Solution File, Format Version 12.00
# Visual Studio Version 17
VisualStudioVersion = 17.9.34616.47
MinimumVisualStudioVersion = 10.0.40219.1
Project("{FAE04EC0-301F-11D3-BF4B-00C04F79EFBC}") = "FocusedWalkieTalkieVoices", "FocusedWalkieTalkieVoices\FocusedWalkieTalkieVoices.csproj", "{C1FE4C33-E84E-4140-999D-55D4299739ED}"
EndProject
Global
	GlobalSection(SolutionConfigurationPlatforms) = preSolution
		Debug|Any CPU = Debug|Any CPU
		Release|Any CPU = Release|Any CPU
	EndGlobalSection
	GlobalSection(ProjectConfigurationPlatforms) = postSolution
		{C1FE4C33-E84E-4140-999D-55D4299739ED}.Debug|Any CPU.ActiveCfg = Debug|Any CPU
		{C1FE4C33-E84E-4140-999D-55D4299739ED}.Debug|Any CPU.Build.0 = Debug|Any CPU
		{C1FE4C33-E84E-4140-999D-55D4299739ED}.Release|Any CPU.ActiveCfg = Release|Any CPU
		{C1FE4C33-E84E-4140-999D-55D4299739ED}.Release|Any CPU.Build.0 = Release|Any CPU
	EndGlobalSection
	GlobalSection(SolutionProperties) = preSolution
		HideSolutionNode = FALSE
	EndGlobalSection
	GlobalSection(ExtensibilityGlobals) = postSolution
		SolutionGuid = {DC68F4E7-3073-4DFD-91E5-D06AFD1AAFBF}
	EndGlobalSection
EndGlobal
